// !$*UTF8*$!
{
	archiveVersion = 1;
	classes = {
	};
	objectVersion = 46;
	objects = {

/* Begin PBXBuildFile section */
		441BD9D71F68ED2600DAF1BA /* AppDelegate.swift in Sources */ = {isa = PBXBuildFile; fileRef = 441BD9D61F68ED2600DAF1BA /* AppDelegate.swift */; };
		441BD9D91F68ED2700DAF1BA /* ViewController.swift in Sources */ = {isa = PBXBuildFile; fileRef = 441BD9D81F68ED2700DAF1BA /* ViewController.swift */; };
		441BD9DC1F68ED2700DAF1BA /* Main.storyboard in Resources */ = {isa = PBXBuildFile; fileRef = 441BD9DA1F68ED2700DAF1BA /* Main.storyboard */; };
		441BD9DE1F68ED2700DAF1BA /* Assets.xcassets in Resources */ = {isa = PBXBuildFile; fileRef = 441BD9DD1F68ED2700DAF1BA /* Assets.xcassets */; };
		441BD9E11F68ED2700DAF1BA /* LaunchScreen.storyboard in Resources */ = {isa = PBXBuildFile; fileRef = 441BD9DF1F68ED2700DAF1BA /* LaunchScreen.storyboard */; };
		441BD9EC1F68ED2700DAF1BA /* PokeDexTests.swift in Sources */ = {isa = PBXBuildFile; fileRef = 441BD9EB1F68ED2700DAF1BA /* PokeDexTests.swift */; };
		441BD9F71F68ED2700DAF1BA /* PokeDexUITests.swift in Sources */ = {isa = PBXBuildFile; fileRef = 441BD9F61F68ED2700DAF1BA /* PokeDexUITests.swift */; };
/* End PBXBuildFile section */

/* Begin PBXContainerItemProxy section */
		441BD9E81F68ED2700DAF1BA /* PBXContainerItemProxy */ = {
			isa = PBXContainerItemProxy;
			containerPortal = 441BD9CB1F68ED2600DAF1BA /* Project object */;
			proxyType = 1;
			remoteGlobalIDString = 441BD9D21F68ED2600DAF1BA;
			remoteInfo = PokeDex;
		};
		441BD9F31F68ED2700DAF1BA /* PBXContainerItemProxy */ = {
			isa = PBXContainerItemProxy;
			containerPortal = 441BD9CB1F68ED2600DAF1BA /* Project object */;
			proxyType = 1;
			remoteGlobalIDString = 441BD9D21F68ED2600DAF1BA;
			remoteInfo = PokeDex;
		};
/* End PBXContainerItemProxy section */

/* Begin PBXFileReference section */
		441BD9D31F68ED2600DAF1BA /* PokeDex.app */ = {isa = PBXFileReference; explicitFileType = wrapper.application; includeInIndex = 0; path = PokeDex.app; sourceTree = BUILT_PRODUCTS_DIR; };
		441BD9D61F68ED2600DAF1BA /* AppDelegate.swift */ = {isa = PBXFileReference; lastKnownFileType = sourcecode.swift; path = AppDelegate.swift; sourceTree = "<group>"; };
		441BD9D81F68ED2700DAF1BA /* ViewController.swift */ = {isa = PBXFileReference; lastKnownFileType = sourcecode.swift; path = ViewController.swift; sourceTree = "<group>"; };
		441BD9DB1F68ED2700DAF1BA /* Base */ = {isa = PBXFileReference; lastKnownFileType = file.storyboard; name = Base; path = Base.lproj/Main.storyboard; sourceTree = "<group>"; };
		441BD9DD1F68ED2700DAF1BA /* Assets.xcassets */ = {isa = PBXFileReference; lastKnownFileType = folder.assetcatalog; path = Assets.xcassets; sourceTree = "<group>"; };
		441BD9E01F68ED2700DAF1BA /* Base */ = {isa = PBXFileReference; lastKnownFileType = file.storyboard; name = Base; path = Base.lproj/LaunchScreen.storyboard; sourceTree = "<group>"; };
		441BD9E21F68ED2700DAF1BA /* Info.plist */ = {isa = PBXFileReference; lastKnownFileType = text.plist.xml; path = Info.plist; sourceTree = "<group>"; };
		441BD9E71F68ED2700DAF1BA /* PokeDexTests.xctest */ = {isa = PBXFileReference; explicitFileType = wrapper.cfbundle; includeInIndex = 0; path = PokeDexTests.xctest; sourceTree = BUILT_PRODUCTS_DIR; };
		441BD9EB1F68ED2700DAF1BA /* PokeDexTests.swift */ = {isa = PBXFileReference; lastKnownFileType = sourcecode.swift; path = PokeDexTests.swift; sourceTree = "<group>"; };
		441BD9ED1F68ED2700DAF1BA /* Info.plist */ = {isa = PBXFileReference; lastKnownFileType = text.plist.xml; path = Info.plist; sourceTree = "<group>"; };
		441BD9F21F68ED2700DAF1BA /* PokeDexUITests.xctest */ = {isa = PBXFileReference; explicitFileType = wrapper.cfbundle; includeInIndex = 0; path = PokeDexUITests.xctest; sourceTree = BUILT_PRODUCTS_DIR; };
		441BD9F61F68ED2700DAF1BA /* PokeDexUITests.swift */ = {isa = PBXFileReference; lastKnownFileType = sourcecode.swift; path = PokeDexUITests.swift; sourceTree = "<group>"; };
		441BD9F81F68ED2700DAF1BA /* Info.plist */ = {isa = PBXFileReference; lastKnownFileType = text.plist.xml; path = Info.plist; sourceTree = "<group>"; };
/* End PBXFileReference section */

/* Begin PBXFrameworksBuildPhase section */
		441BD9D01F68ED2600DAF1BA /* Frameworks */ = {
			isa = PBXFrameworksBuildPhase;
			buildActionMask = 2147483647;
			files = (
			);
			runOnlyForDeploymentPostprocessing = 0;
		};
		441BD9E41F68ED2700DAF1BA /* Frameworks */ = {
			isa = PBXFrameworksBuildPhase;
			buildActionMask = 2147483647;
			files = (
			);
			runOnlyForDeploymentPostprocessing = 0;
		};
		441BD9EF1F68ED2700DAF1BA /* Frameworks */ = {
			isa = PBXFrameworksBuildPhase;
			buildActionMask = 2147483647;
			files = (
			);
			runOnlyForDeploymentPostprocessing = 0;
		};
/* End PBXFrameworksBuildPhase section */

/* Begin PBXGroup section */
		441BD9CA1F68ED2600DAF1BA = {
			isa = PBXGroup;
			children = (
				441BD9D51F68ED2600DAF1BA /* PokeDex */,
				441BD9EA1F68ED2700DAF1BA /* PokeDexTests */,
				441BD9F51F68ED2700DAF1BA /* PokeDexUITests */,
				441BD9D41F68ED2600DAF1BA /* Products */,
			);
			sourceTree = "<group>";
		};
		441BD9D41F68ED2600DAF1BA /* Products */ = {
			isa = PBXGroup;
			children = (
				441BD9D31F68ED2600DAF1BA /* PokeDex.app */,
				441BD9E71F68ED2700DAF1BA /* PokeDexTests.xctest */,
				441BD9F21F68ED2700DAF1BA /* PokeDexUITests.xctest */,
			);
			name = Products;
			sourceTree = "<group>";
		};
		441BD9D51F68ED2600DAF1BA /* PokeDex */ = {
			isa = PBXGroup;
			children = (
				441BD9D61F68ED2600DAF1BA /* AppDelegate.swift */,
				441BD9D81F68ED2700DAF1BA /* ViewController.swift */,
				441BD9DA1F68ED2700DAF1BA /* Main.storyboard */,
				441BD9DD1F68ED2700DAF1BA /* Assets.xcassets */,
				441BD9DF1F68ED2700DAF1BA /* LaunchScreen.storyboard */,
				441BD9E21F68ED2700DAF1BA /* Info.plist */,
			);
			path = PokeDex;
			sourceTree = "<group>";
		};
		441BD9EA1F68ED2700DAF1BA /* PokeDexTests */ = {
			isa = PBXGroup;
			children = (
				441BD9EB1F68ED2700DAF1BA /* PokeDexTests.swift */,
				441BD9ED1F68ED2700DAF1BA /* Info.plist */,
			);
			path = PokeDexTests;
			sourceTree = "<group>";
		};
		441BD9F51F68ED2700DAF1BA /* PokeDexUITests */ = {
			isa = PBXGroup;
			children = (
				441BD9F61F68ED2700DAF1BA /* PokeDexUITests.swift */,
				441BD9F81F68ED2700DAF1BA /* Info.plist */,
			);
			path = PokeDexUITests;
			sourceTree = "<group>";
		};
/* End PBXGroup section */

/* Begin PBXNativeTarget section */
		441BD9D21F68ED2600DAF1BA /* PokeDex */ = {
			isa = PBXNativeTarget;
			buildConfigurationList = 441BD9FB1F68ED2700DAF1BA /* Build configuration list for PBXNativeTarget "PokeDex" */;
			buildPhases = (
				441BD9CF1F68ED2600DAF1BA /* Sources */,
				441BD9D01F68ED2600DAF1BA /* Frameworks */,
				441BD9D11F68ED2600DAF1BA /* Resources */,
			);
			buildRules = (
			);
			dependencies = (
			);
			name = PokeDex;
			productName = PokeDex;
			productReference = 441BD9D31F68ED2600DAF1BA /* PokeDex.app */;
			productType = "com.apple.product-type.application";
		};
		441BD9E61F68ED2700DAF1BA /* PokeDexTests */ = {
			isa = PBXNativeTarget;
			buildConfigurationList = 441BD9FE1F68ED2700DAF1BA /* Build configuration list for PBXNativeTarget "PokeDexTests" */;
			buildPhases = (
				441BD9E31F68ED2700DAF1BA /* Sources */,
				441BD9E41F68ED2700DAF1BA /* Frameworks */,
				441BD9E51F68ED2700DAF1BA /* Resources */,
			);
			buildRules = (
			);
			dependencies = (
				441BD9E91F68ED2700DAF1BA /* PBXTargetDependency */,
			);
			name = PokeDexTests;
			productName = PokeDexTests;
			productReference = 441BD9E71F68ED2700DAF1BA /* PokeDexTests.xctest */;
			productType = "com.apple.product-type.bundle.unit-test";
		};
		441BD9F11F68ED2700DAF1BA /* PokeDexUITests */ = {
			isa = PBXNativeTarget;
			buildConfigurationList = 441BDA011F68ED2700DAF1BA /* Build configuration list for PBXNativeTarget "PokeDexUITests" */;
			buildPhases = (
				441BD9EE1F68ED2700DAF1BA /* Sources */,
				441BD9EF1F68ED2700DAF1BA /* Frameworks */,
				441BD9F01F68ED2700DAF1BA /* Resources */,
			);
			buildRules = (
			);
			dependencies = (
				441BD9F41F68ED2700DAF1BA /* PBXTargetDependency */,
			);
			name = PokeDexUITests;
			productName = PokeDexUITests;
			productReference = 441BD9F21F68ED2700DAF1BA /* PokeDexUITests.xctest */;
			productType = "com.apple.product-type.bundle.ui-testing";
		};
/* End PBXNativeTarget section */

/* Begin PBXProject section */
		441BD9CB1F68ED2600DAF1BA /* Project object */ = {
			isa = PBXProject;
			attributes = {
				LastSwiftUpdateCheck = 0820;
				LastUpgradeCheck = 0820;
				ORGANIZATIONNAME = "Ebizu-User";
				TargetAttributes = {
					441BD9D21F68ED2600DAF1BA = {
						CreatedOnToolsVersion = 8.2.1;
						ProvisioningStyle = Automatic;
					};
					441BD9E61F68ED2700DAF1BA = {
						CreatedOnToolsVersion = 8.2.1;
						ProvisioningStyle = Automatic;
						TestTargetID = 441BD9D21F68ED2600DAF1BA;
					};
					441BD9F11F68ED2700DAF1BA = {
						CreatedOnToolsVersion = 8.2.1;
						ProvisioningStyle = Automatic;
						TestTargetID = 441BD9D21F68ED2600DAF1BA;
					};
				};
			};
			buildConfigurationList = 441BD9CE1F68ED2600DAF1BA /* Build configuration list for PBXProject "PokeDex" */;
			compatibilityVersion = "Xcode 3.2";
			developmentRegion = English;
			hasScannedForEncodings = 0;
			knownRegions = (
				en,
				Base,
			);
			mainGroup = 441BD9CA1F68ED2600DAF1BA;
			productRefGroup = 441BD9D41F68ED2600DAF1BA /* Products */;
			projectDirPath = "";
			projectRoot = "";
			targets = (
				441BD9D21F68ED2600DAF1BA /* PokeDex */,
				441BD9E61F68ED2700DAF1BA /* PokeDexTests */,
				441BD9F11F68ED2700DAF1BA /* PokeDexUITests */,
			);
		};
/* End PBXProject section */

/* Begin PBXResourcesBuildPhase section */
		441BD9D11F68ED2600DAF1BA /* Resources */ = {
			isa = PBXResourcesBuildPhase;
			buildActionMask = 2147483647;
			files = (
				441BD9E11F68ED2700DAF1BA /* LaunchScreen.storyboard in Resources */,
				441BD9DE1F68ED2700DAF1BA /* Assets.xcassets in Resources */,
				441BD9DC1F68ED2700DAF1BA /* Main.storyboard in Resources */,
			);
			runOnlyForDeploymentPostprocessing = 0;
		};
		441BD9E51F68ED2700DAF1BA /* Resources */ = {
			isa = PBXResourcesBuildPhase;
			buildActionMask = 2147483647;
			files = (
			);
			runOnlyForDeploymentPostprocessing = 0;
		};
		441BD9F01F68ED2700DAF1BA /* Resources */ = {
			isa = PBXResourcesBuildPhase;
			buildActionMask = 2147483647;
			files = (
			);
			runOnlyForDeploymentPostprocessing = 0;
		};
/* End PBXResourcesBuildPhase section */

/* Begin PBXSourcesBuildPhase section */
		441BD9CF1F68ED2600DAF1BA /* Sources */ = {
			isa = PBXSourcesBuildPhase;
			buildActionMask = 2147483647;
			files = (
				441BD9D91F68ED2700DAF1BA /* ViewController.swift in Sources */,
				441BD9D71F68ED2600DAF1BA /* AppDelegate.swift in Sources */,
			);
			runOnlyForDeploymentPostprocessing = 0;
		};
		441BD9E31F68ED2700DAF1BA /* Sources */ = {
			isa = PBXSourcesBuildPhase;
			buildActionMask = 2147483647;
			files = (
				441BD9EC1F68ED2700DAF1BA /* PokeDexTests.swift in Sources */,
			);
			runOnlyForDeploymentPostprocessing = 0;
		};
		441BD9EE1F68ED2700DAF1BA /* Sources */ = {
			isa = PBXSourcesBuildPhase;
			buildActionMask = 2147483647;
			files = (
				441BD9F71F68ED2700DAF1BA /* PokeDexUITests.swift in Sources */,
			);
			runOnlyForDeploymentPostprocessing = 0;
		};
/* End PBXSourcesBuildPhase section */

/* Begin PBXTargetDependency section */
		441BD9E91F68ED2700DAF1BA /* PBXTargetDependency */ = {
			isa = PBXTargetDependency;
			target = 441BD9D21F68ED2600DAF1BA /* PokeDex */;
			targetProxy = 441BD9E81F68ED2700DAF1BA /* PBXContainerItemProxy */;
		};
		441BD9F41F68ED2700DAF1BA /* PBXTargetDependency */ = {
			isa = PBXTargetDependency;
			target = 441BD9D21F68ED2600DAF1BA /* PokeDex */;
			targetProxy = 441BD9F31F68ED2700DAF1BA /* PBXContainerItemProxy */;
		};
/* End PBXTargetDependency section */

/* Begin PBXVariantGroup section */
		441BD9DA1F68ED2700DAF1BA /* Main.storyboard */ = {
			isa = PBXVariantGroup;
			children = (
				441BD9DB1F68ED2700DAF1BA /* Base */,
			);
			name = Main.storyboard;
			sourceTree = "<group>";
		};
		441BD9DF1F68ED2700DAF1BA /* LaunchScreen.storyboard */ = {
			isa = PBXVariantGroup;
			children = (
				441BD9E01F68ED2700DAF1BA /* Base */,
			);
			name = LaunchScreen.storyboard;
			sourceTree = "<group>";
		};
/* End PBXVariantGroup section */

/* Begin XCBuildConfiguration section */
		441BD9F91F68ED2700DAF1BA /* Debug */ = {
			isa = XCBuildConfiguration;
			buildSettings = {
				ALWAYS_SEARCH_USER_PATHS = NO;
				CLANG_ANALYZER_NONNULL = YES;
				CLANG_CXX_LANGUAGE_STANDARD = "gnu++0x";
				CLANG_CXX_LIBRARY = "libc++";
				CLANG_ENABLE_MODULES = YES;
				CLANG_ENABLE_OBJC_ARC = YES;
				CLANG_WARN_BOOL_CONVERSION = YES;
				CLANG_WARN_CONSTANT_CONVERSION = YES;
				CLANG_WARN_DIRECT_OBJC_ISA_USAGE = YES_ERROR;
				CLANG_WARN_DOCUMENTATION_COMMENTS = YES;
				CLANG_WARN_EMPTY_BODY = YES;
				CLANG_WARN_ENUM_CONVERSION = YES;
				CLANG_WARN_INFINITE_RECURSION = YES;
				CLANG_WARN_INT_CONVERSION = YES;
				CLANG_WARN_OBJC_ROOT_CLASS = YES_ERROR;
				CLANG_WARN_SUSPICIOUS_MOVE = YES;
				CLANG_WARN_UNREACHABLE_CODE = YES;
				CLANG_WARN__DUPLICATE_METHOD_MATCH = YES;
				"CODE_SIGN_IDENTITY[sdk=iphoneos*]" = "iPhone Developer";
				COPY_PHASE_STRIP = NO;
				DEBUG_INFORMATION_FORMAT = dwarf;
				ENABLE_STRICT_OBJC_MSGSEND = YES;
				ENABLE_TESTABILITY = YES;
				GCC_C_LANGUAGE_STANDARD = gnu99;
				GCC_DYNAMIC_NO_PIC = NO;
				GCC_NO_COMMON_BLOCKS = YES;
				GCC_OPTIMIZATION_LEVEL = 0;
				GCC_PREPROCESSOR_DEFINITIONS = (
					"DEBUG=1",
					"$(inherited)",
				);
				GCC_WARN_64_TO_32_BIT_CONVERSION = YES;
				GCC_WARN_ABOUT_RETURN_TYPE = YES_ERROR;
				GCC_WARN_UNDECLARED_SELECTOR = YES;
				GCC_WARN_UNINITIALIZED_AUTOS = YES_AGGRESSIVE;
				GCC_WARN_UNUSED_FUNCTION = YES;
				GCC_WARN_UNUSED_VARIABLE = YES;
				IPHONEOS_DEPLOYMENT_TARGET = 10.2;
				MTL_ENABLE_DEBUG_INFO = YES;
				ONLY_ACTIVE_ARCH = YES;
				SDKROOT = iphoneos;
				SWIFT_ACTIVE_COMPILATION_CONDITIONS = DEBUG;
				SWIFT_OPTIMIZATION_LEVEL = "-Onone";
				TARGETED_DEVICE_FAMILY = "1,2";
			};
			name = Debug;
		};
		441BD9FA1F68ED2700DAF1BA /* Release */ = {
			isa = XCBuildConfiguration;
			buildSettings = {
				ALWAYS_SEARCH_USER_PATHS = NO;
				CLANG_ANALYZER_NONNULL = YES;
				CLANG_CXX_LANGUAGE_STANDARD = "gnu++0x";
				CLANG_CXX_LIBRARY = "libc++";
				CLANG_ENABLE_MODULES = YES;
				CLANG_ENABLE_OBJC_ARC = YES;
				CLANG_WARN_BOOL_CONVERSION = YES;
				CLANG_WARN_CONSTANT_CONVERSION = YES;
				CLANG_WARN_DIRECT_OBJC_ISA_USAGE = YES_ERROR;
				CLANG_WARN_DOCUMENTATION_COMMENTS = YES;
				CLANG_WARN_EMPTY_BODY = YES;
				CLANG_WARN_ENUM_CONVERSION = YES;
				CLANG_WARN_INFINITE_RECURSION = YES;
				CLANG_WARN_INT_CONVERSION = YES;
				CLANG_WARN_OBJC_ROOT_CLASS = YES_ERROR;
				CLANG_WARN_SUSPICIOUS_MOVE = YES;
				CLANG_WARN_UNREACHABLE_CODE = YES;
				CLANG_WARN__DUPLICATE_METHOD_MATCH = YES;
				"CODE_SIGN_IDENTITY[sdk=iphoneos*]" = "iPhone Developer";
				COPY_PHASE_STRIP = NO;
				DEBUG_INFORMATION_FORMAT = "dwarf-with-dsym";
				ENABLE_NS_ASSERTIONS = NO;
				ENABLE_STRICT_OBJC_MSGSEND = YES;
				GCC_C_LANGUAGE_STANDARD = gnu99;
				GCC_NO_COMMON_BLOCKS = YES;
				GCC_WARN_64_TO_32_BIT_CONVERSION = YES;
				GCC_WARN_ABOUT_RETURN_TYPE = YES_ERROR;
				GCC_WARN_UNDECLARED_SELECTOR = YES;
				GCC_WARN_UNINITIALIZED_AUTOS = YES_AGGRESSIVE;
				GCC_WARN_UNUSED_FUNCTION = YES;
				GCC_WARN_UNUSED_VARIABLE = YES;
				IPHONEOS_DEPLOYMENT_TARGET = 10.2;
				MTL_ENABLE_DEBUG_INFO = NO;
				SDKROOT = iphoneos;
				SWIFT_OPTIMIZATION_LEVEL = "-Owholemodule";
				TARGETED_DEVICE_FAMILY = "1,2";
				VALIDATE_PRODUCT = YES;
			};
			name = Release;
		};
		441BD9FC1F68ED2700DAF1BA /* Debug */ = {
			isa = XCBuildConfiguration;
			buildSettings = {
				ASSETCATALOG_COMPILER_APPICON_NAME = AppIcon;
				INFOPLIST_FILE = PokeDex/Info.plist;
				LD_RUNPATH_SEARCH_PATHS = "$(inherited) @executable_path/Frameworks";
				PRODUCT_BUNDLE_IDENTIFIER = Ios.PokeDex;
				PRODUCT_NAME = "$(TARGET_NAME)";
				SWIFT_VERSION = 3.0;
			};
			name = Debug;
		};
		441BD9FD1F68ED2700DAF1BA /* Release */ = {
			isa = XCBuildConfiguration;
			buildSettings = {
				ASSETCATALOG_COMPILER_APPICON_NAME = AppIcon;
				INFOPLIST_FILE = PokeDex/Info.plist;
				LD_RUNPATH_SEARCH_PATHS = "$(inherited) @executable_path/Frameworks";
				PRODUCT_BUNDLE_IDENTIFIER = Ios.PokeDex;
				PRODUCT_NAME = "$(TARGET_NAME)";
				SWIFT_VERSION = 3.0;
			};
			name = Release;
		};
		441BD9FF1F68ED2700DAF1BA /* Debug */ = {
			isa = XCBuildConfiguration;
			buildSettings = {
				ALWAYS_EMBED_SWIFT_STANDARD_LIBRARIES = YES;
				BUNDLE_LOADER = "$(TEST_HOST)";
				INFOPLIST_FILE = PokeDexTests/Info.plist;
				LD_RUNPATH_SEARCH_PATHS = "$(inherited) @executable_path/Frameworks @loader_path/Frameworks";
				PRODUCT_BUNDLE_IDENTIFIER = Ios.PokeDexTests;
				PRODUCT_NAME = "$(TARGET_NAME)";
				SWIFT_VERSION = 3.0;
				TEST_HOST = "$(BUILT_PRODUCTS_DIR)/PokeDex.app/PokeDex";
			};
			name = Debug;
		};
		441BDA001F68ED2700DAF1BA /* Release */ = {
			isa = XCBuildConfiguration;
			buildSettings = {
				ALWAYS_EMBED_SWIFT_STANDARD_LIBRARIES = YES;
				BUNDLE_LOADER = "$(TEST_HOST)";
				INFOPLIST_FILE = PokeDexTests/Info.plist;
				LD_RUNPATH_SEARCH_PATHS = "$(inherited) @executable_path/Frameworks @loader_path/Frameworks";
				PRODUCT_BUNDLE_IDENTIFIER = Ios.PokeDexTests;
				PRODUCT_NAME = "$(TARGET_NAME)";
				SWIFT_VERSION = 3.0;
				TEST_HOST = "$(BUILT_PRODUCTS_DIR)/PokeDex.app/PokeDex";
			};
			name = Release;
		};
		441BDA021F68ED2700DAF1BA /* Debug */ = {
			isa = XCBuildConfiguration;
			buildSettings = {
				ALWAYS_EMBED_SWIFT_STANDARD_LIBRARIES = YES;
				INFOPLIST_FILE = PokeDexUITests/Info.plist;
				LD_RUNPATH_SEARCH_PATHS = "$(inherited) @executable_path/Frameworks @loader_path/Frameworks";
				PRODUCT_BUNDLE_IDENTIFIER = Ios.PokeDexUITests;
				PRODUCT_NAME = "$(TARGET_NAME)";
				SWIFT_VERSION = 3.0;
				TEST_TARGET_NAME = PokeDex;
			};
			name = Debug;
		};
		441BDA031F68ED2700DAF1BA /* Release */ = {
			isa = XCBuildConfiguration;
			buildSettings = {
				ALWAYS_EMBED_SWIFT_STANDARD_LIBRARIES = YES;
				INFOPLIST_FILE = PokeDexUITests/Info.plist;
				LD_RUNPATH_SEARCH_PATHS = "$(inherited) @executable_path/Frameworks @loader_path/Frameworks";
				PRODUCT_BUNDLE_IDENTIFIER = Ios.PokeDexUITests;
				PRODUCT_NAME = "$(TARGET_NAME)";
				SWIFT_VERSION = 3.0;
				TEST_TARGET_NAME = PokeDex;
			};
			name = Release;
		};
/* End XCBuildConfiguration section */

/* Begin XCConfigurationList section */
		441BD9CE1F68ED2600DAF1BA /* Build configuration list for PBXProject "PokeDex" */ = {
			isa = XCConfigurationList;
			buildConfigurations = (
				441BD9F91F68ED2700DAF1BA /* Debug */,
				441BD9FA1F68ED2700DAF1BA /* Release */,
			);
			defaultConfigurationIsVisible = 0;
			defaultConfigurationName = Release;
		};
		441BD9FB1F68ED2700DAF1BA /* Build configuration list for PBXNativeTarget "PokeDex" */ = {
			isa = XCConfigurationList;
			buildConfigurations = (
				441BD9FC1F68ED2700DAF1BA /* Debug */,
				441BD9FD1F68ED2700DAF1BA /* Release */,
			);
			defaultConfigurationIsVisible = 0;
		};
		441BD9FE1F68ED2700DAF1BA /* Build configuration list for PBXNativeTarget "PokeDexTests" */ = {
			isa = XCConfigurationList;
			buildConfigurations = (
				441BD9FF1F68ED2700DAF1BA /* Debug */,
				441BDA001F68ED2700DAF1BA /* Release */,
			);
			defaultConfigurationIsVisible = 0;
		};
		441BDA011F68ED2700DAF1BA /* Build configuration list for PBXNativeTarget "PokeDexUITests" */ = {
			isa = XCConfigurationList;
			buildConfigurations = (
				441BDA021F68ED2700DAF1BA /* Debug */,
				441BDA031F68ED2700DAF1BA /* Release */,
			);
			defaultConfigurationIsVisible = 0;
		};
/* End XCConfigurationList section */
	};
	rootObject = 441BD9CB1F68ED2600DAF1BA /* Project object */;
}
